
Microsoft Visual Studio Solution File, Format Version 12.00
# Visual Studio Version 17
VisualStudioVersion = 17.0.32014.148
MinimumVisualStudioVersion = 10.0.40219.1
Project("{9A19103F-16F7-4668-BE54-9A1E7A4F7556}") = "Slipstream.UnitTests", "Slipstream.UnitTests\Slipstream.UnitTests.csproj", "{53DE0F20-F1C7-4BC1-8F49-301DC30C3F9F}"
EndProject
Project("{FAE04EC0-301F-11D3-BF4B-00C04F79EFBC}") = "iRacingSDK", "iRacingSDK.Net\iRacingSDK.csproj", "{5422AE20-F220-4BE1-9E61-5296981ABB5C}"
EndProject
Project("{9A19103F-16F7-4668-BE54-9A1E7A4F7556}") = "Slipstream.App", "Slipstream.App\Slipstream.App.csproj", "{D3AC6000-E459-4E08-993B-15091C882D51}"
EndProject
Global
	GlobalSection(SolutionConfigurationPlatforms) = preSolution
		Debug|Any CPU = Debug|Any CPU
		Release|Any CPU = Release|Any CPU
	EndGlobalSection
	GlobalSection(ProjectConfigurationPlatforms) = postSolution
		{53DE0F20-F1C7-4BC1-8F49-301DC30C3F9F}.Debug|Any CPU.ActiveCfg = Debug|Any CPU
		{53DE0F20-F1C7-4BC1-8F49-301DC30C3F9F}.Debug|Any CPU.Build.0 = Debug|Any CPU
		{53DE0F20-F1C7-4BC1-8F49-301DC30C3F9F}.Release|Any CPU.ActiveCfg = Release|Any CPU
		{53DE0F20-F1C7-4BC1-8F49-301DC30C3F9F}.Release|Any CPU.Build.0 = Release|Any CPU
		{5422AE20-F220-4BE1-9E61-5296981ABB5C}.Debug|Any CPU.ActiveCfg = Debug|Any CPU
		{5422AE20-F220-4BE1-9E61-5296981ABB5C}.Debug|Any CPU.Build.0 = Debug|Any CPU
		{5422AE20-F220-4BE1-9E61-5296981ABB5C}.Release|Any CPU.ActiveCfg = Release|Any CPU
		{5422AE20-F220-4BE1-9E61-5296981ABB5C}.Release|Any CPU.Build.0 = Release|Any CPU
		{D3AC6000-E459-4E08-993B-15091C882D51}.Debug|Any CPU.ActiveCfg = Debug|Any CPU
		{D3AC6000-E459-4E08-993B-15091C882D51}.Debug|Any CPU.Build.0 = Debug|Any CPU
		{D3AC6000-E459-4E08-993B-15091C882D51}.Release|Any CPU.ActiveCfg = Release|Any CPU
		{D3AC6000-E459-4E08-993B-15091C882D51}.Release|Any CPU.Build.0 = Release|Any CPU
	EndGlobalSection
	GlobalSection(SolutionProperties) = preSolution
		HideSolutionNode = FALSE
	EndGlobalSection
	GlobalSection(ExtensibilityGlobals) = postSolution
		SolutionGuid = {0CAB4763-DB13-4D33-A09A-ECFE1B5879D6}
	EndGlobalSection
EndGlobal
