
Microsoft Visual Studio Solution File, Format Version 12.00
# Visual Studio Version 16
VisualStudioVersion = 16.0.30621.155
MinimumVisualStudioVersion = 10.0.40219.1
Project("{FAE04EC0-301F-11D3-BF4B-00C04F79EFBC}") = "Slipstream", "Slipstream\Slipstream.csproj", "{E5742D4E-121B-4C6F-8133-C63BCE6600BC}"
EndProject
Project("{FAE04EC0-301F-11D3-BF4B-00C04F79EFBC}") = "iRacingSDK", "iRacingSDK.Net\iRacingSDK.csproj", "{5422AE20-F220-4BE1-9E61-5296981ABB5C}"
EndProject
Project("{2150E333-8FDC-42A3-9474-1A3956D46DE8}") = "Solution Items", "Solution Items", "{D32AA956-5A23-43F4-97C9-967B68509B48}"
	ProjectSection(SolutionItems) = preProject
		.editorconfig = .editorconfig
		.gitignore = .gitignore
		.circleci\config.yml = .circleci\config.yml
	EndProjectSection
EndProject
Project("{9A19103F-16F7-4668-BE54-9A1E7A4F7556}") = "Slipstream.UnitTests", "Slipstream.UnitTests\Slipstream.UnitTests.csproj", "{DE5418BD-A517-464B-8753-7987C6E29582}"
EndProject
Global
	GlobalSection(SolutionConfigurationPlatforms) = preSolution
		Debug|Any CPU = Debug|Any CPU
		Release|Any CPU = Release|Any CPU
	EndGlobalSection
	GlobalSection(ProjectConfigurationPlatforms) = postSolution
		{E5742D4E-121B-4C6F-8133-C63BCE6600BC}.Debug|Any CPU.ActiveCfg = Debug|Any CPU
		{E5742D4E-121B-4C6F-8133-C63BCE6600BC}.Debug|Any CPU.Build.0 = Debug|Any CPU
		{E5742D4E-121B-4C6F-8133-C63BCE6600BC}.Release|Any CPU.ActiveCfg = Release|Any CPU
		{E5742D4E-121B-4C6F-8133-C63BCE6600BC}.Release|Any CPU.Build.0 = Release|Any CPU
		{5422AE20-F220-4BE1-9E61-5296981ABB5C}.Debug|Any CPU.ActiveCfg = Debug|Any CPU
		{5422AE20-F220-4BE1-9E61-5296981ABB5C}.Debug|Any CPU.Build.0 = Debug|Any CPU
		{5422AE20-F220-4BE1-9E61-5296981ABB5C}.Release|Any CPU.ActiveCfg = Release|Any CPU
		{5422AE20-F220-4BE1-9E61-5296981ABB5C}.Release|Any CPU.Build.0 = Release|Any CPU
		{DE5418BD-A517-464B-8753-7987C6E29582}.Debug|Any CPU.ActiveCfg = Debug|Any CPU
		{DE5418BD-A517-464B-8753-7987C6E29582}.Debug|Any CPU.Build.0 = Debug|Any CPU
		{DE5418BD-A517-464B-8753-7987C6E29582}.Release|Any CPU.ActiveCfg = Release|Any CPU
		{DE5418BD-A517-464B-8753-7987C6E29582}.Release|Any CPU.Build.0 = Release|Any CPU
	EndGlobalSection
	GlobalSection(SolutionProperties) = preSolution
		HideSolutionNode = FALSE
	EndGlobalSection
	GlobalSection(ExtensibilityGlobals) = postSolution
		SolutionGuid = {5B2A7ED5-A0C1-4F4A-8AA4-EAFEB4546815}
	EndGlobalSection
EndGlobal
